// !$*UTF8*$!
{
	archiveVersion = 1;
	classes = {
	};
	objectVersion = 50;
	objects = {

/* Begin PBXBuildFile section */
		0C48D2590FF203BCABB8D88E /* Pods_LLBlueToothDemo.framework in Frameworks */ = {isa = PBXBuildFile; fileRef = D0D3098F4A65F1D6FCF1DE10 /* Pods_LLBlueToothDemo.framework */; };
		8AE428075DD1F0AED4B96A40 /* Pods_LLBlueToothDemoTests.framework in Frameworks */ = {isa = PBXBuildFile; fileRef = 143CEB0A32F3ED773837BFE7 /* Pods_LLBlueToothDemoTests.framework */; };
		99C6BBB4ABFF1C4E616B0460 /* Pods_LLBlueToothDemoUITests.framework in Frameworks */ = {isa = PBXBuildFile; fileRef = 4D6848EA69B8137A1AAD53D8 /* Pods_LLBlueToothDemoUITests.framework */; };
		A243177721C7C07700726B34 /* AppDelegate.swift in Sources */ = {isa = PBXBuildFile; fileRef = A243177621C7C07700726B34 /* AppDelegate.swift */; };
		A243177921C7C07700726B34 /* ViewController.swift in Sources */ = {isa = PBXBuildFile; fileRef = A243177821C7C07700726B34 /* ViewController.swift */; };
		A243177C21C7C07700726B34 /* Main.storyboard in Resources */ = {isa = PBXBuildFile; fileRef = A243177A21C7C07700726B34 /* Main.storyboard */; };
		A243177E21C7C07B00726B34 /* Assets.xcassets in Resources */ = {isa = PBXBuildFile; fileRef = A243177D21C7C07B00726B34 /* Assets.xcassets */; };
		A243178121C7C07B00726B34 /* LaunchScreen.storyboard in Resources */ = {isa = PBXBuildFile; fileRef = A243177F21C7C07B00726B34 /* LaunchScreen.storyboard */; };
		A243178C21C7C07B00726B34 /* LLBlueToothDemoTests.swift in Sources */ = {isa = PBXBuildFile; fileRef = A243178B21C7C07B00726B34 /* LLBlueToothDemoTests.swift */; };
		A243179721C7C07B00726B34 /* LLBlueToothDemoUITests.swift in Sources */ = {isa = PBXBuildFile; fileRef = A243179621C7C07B00726B34 /* LLBlueToothDemoUITests.swift */; };
		A24317B221C7C17A00726B34 /* LLBlueTooth.framework in Frameworks */ = {isa = PBXBuildFile; fileRef = A24317A921C7C17900726B34 /* LLBlueTooth.framework */; };
		A24317B921C7C17A00726B34 /* LLBlueToothTests.swift in Sources */ = {isa = PBXBuildFile; fileRef = A24317B821C7C17A00726B34 /* LLBlueToothTests.swift */; };
		A24317BB21C7C17A00726B34 /* LLBlueTooth.h in Headers */ = {isa = PBXBuildFile; fileRef = A24317AB21C7C17900726B34 /* LLBlueTooth.h */; settings = {ATTRIBUTES = (Public, ); }; };
		A24317BE21C7C17A00726B34 /* LLBlueTooth.framework in Frameworks */ = {isa = PBXBuildFile; fileRef = A24317A921C7C17900726B34 /* LLBlueTooth.framework */; };
		A24317BF21C7C17A00726B34 /* LLBlueTooth.framework in Embed Frameworks */ = {isa = PBXBuildFile; fileRef = A24317A921C7C17900726B34 /* LLBlueTooth.framework */; settings = {ATTRIBUTES = (CodeSignOnCopy, RemoveHeadersOnCopy, ); }; };
		A24317C821C7C19500726B34 /* LLBlueTooth.swift in Sources */ = {isa = PBXBuildFile; fileRef = A24317C721C7C19500726B34 /* LLBlueTooth.swift */; };
		E2F442FC21C8F53000A3D5E9 /* BLENativeVC.swift in Sources */ = {isa = PBXBuildFile; fileRef = E2F442FB21C8F53000A3D5E9 /* BLENativeVC.swift */; };
/* End PBXBuildFile section */

/* Begin PBXContainerItemProxy section */
		A243178821C7C07B00726B34 /* PBXContainerItemProxy */ = {
			isa = PBXContainerItemProxy;
			containerPortal = A243176B21C7C07700726B34 /* Project object */;
			proxyType = 1;
			remoteGlobalIDString = A243177221C7C07700726B34;
			remoteInfo = LLBlueToothDemo;
		};
		A243179321C7C07B00726B34 /* PBXContainerItemProxy */ = {
			isa = PBXContainerItemProxy;
			containerPortal = A243176B21C7C07700726B34 /* Project object */;
			proxyType = 1;
			remoteGlobalIDString = A243177221C7C07700726B34;
			remoteInfo = LLBlueToothDemo;
		};
		A24317B321C7C17A00726B34 /* PBXContainerItemProxy */ = {
			isa = PBXContainerItemProxy;
			containerPortal = A243176B21C7C07700726B34 /* Project object */;
			proxyType = 1;
			remoteGlobalIDString = A24317A821C7C17900726B34;
			remoteInfo = LLBlueTooth;
		};
		A24317B521C7C17A00726B34 /* PBXContainerItemProxy */ = {
			isa = PBXContainerItemProxy;
			containerPortal = A243176B21C7C07700726B34 /* Project object */;
			proxyType = 1;
			remoteGlobalIDString = A243177221C7C07700726B34;
			remoteInfo = LLBlueToothDemo;
		};
		A24317BC21C7C17A00726B34 /* PBXContainerItemProxy */ = {
			isa = PBXContainerItemProxy;
			containerPortal = A243176B21C7C07700726B34 /* Project object */;
			proxyType = 1;
			remoteGlobalIDString = A24317A821C7C17900726B34;
			remoteInfo = LLBlueTooth;
		};
/* End PBXContainerItemProxy section */

/* Begin PBXCopyFilesBuildPhase section */
		A24317C521C7C17A00726B34 /* Embed Frameworks */ = {
			isa = PBXCopyFilesBuildPhase;
			buildActionMask = 2147483647;
			dstPath = "";
			dstSubfolderSpec = 10;
			files = (
				A24317BF21C7C17A00726B34 /* LLBlueTooth.framework in Embed Frameworks */,
			);
			name = "Embed Frameworks";
			runOnlyForDeploymentPostprocessing = 0;
		};
/* End PBXCopyFilesBuildPhase section */

/* Begin PBXFileReference section */
		143CEB0A32F3ED773837BFE7 /* Pods_LLBlueToothDemoTests.framework */ = {isa = PBXFileReference; explicitFileType = wrapper.framework; includeInIndex = 0; path = Pods_LLBlueToothDemoTests.framework; sourceTree = BUILT_PRODUCTS_DIR; };
		4D6848EA69B8137A1AAD53D8 /* Pods_LLBlueToothDemoUITests.framework */ = {isa = PBXFileReference; explicitFileType = wrapper.framework; includeInIndex = 0; path = Pods_LLBlueToothDemoUITests.framework; sourceTree = BUILT_PRODUCTS_DIR; };
		4F0F7CBBD47E9076577FB0EB /* Pods-LLBlueToothDemoTests.release.xcconfig */ = {isa = PBXFileReference; includeInIndex = 1; lastKnownFileType = text.xcconfig; name = "Pods-LLBlueToothDemoTests.release.xcconfig"; path = "Pods/Target Support Files/Pods-LLBlueToothDemoTests/Pods-LLBlueToothDemoTests.release.xcconfig"; sourceTree = "<group>"; };
		8D33AD9524E2ABF66BF4EA9B /* Pods-LLBlueToothDemo.release.xcconfig */ = {isa = PBXFileReference; includeInIndex = 1; lastKnownFileType = text.xcconfig; name = "Pods-LLBlueToothDemo.release.xcconfig"; path = "Pods/Target Support Files/Pods-LLBlueToothDemo/Pods-LLBlueToothDemo.release.xcconfig"; sourceTree = "<group>"; };
		A243177321C7C07700726B34 /* LLBlueToothDemo.app */ = {isa = PBXFileReference; explicitFileType = wrapper.application; includeInIndex = 0; path = LLBlueToothDemo.app; sourceTree = BUILT_PRODUCTS_DIR; };
		A243177621C7C07700726B34 /* AppDelegate.swift */ = {isa = PBXFileReference; lastKnownFileType = sourcecode.swift; path = AppDelegate.swift; sourceTree = "<group>"; };
		A243177821C7C07700726B34 /* ViewController.swift */ = {isa = PBXFileReference; lastKnownFileType = sourcecode.swift; path = ViewController.swift; sourceTree = "<group>"; };
		A243177B21C7C07700726B34 /* Base */ = {isa = PBXFileReference; lastKnownFileType = file.storyboard; name = Base; path = Base.lproj/Main.storyboard; sourceTree = "<group>"; };
		A243177D21C7C07B00726B34 /* Assets.xcassets */ = {isa = PBXFileReference; lastKnownFileType = folder.assetcatalog; path = Assets.xcassets; sourceTree = "<group>"; };
		A243178021C7C07B00726B34 /* Base */ = {isa = PBXFileReference; lastKnownFileType = file.storyboard; name = Base; path = Base.lproj/LaunchScreen.storyboard; sourceTree = "<group>"; };
		A243178221C7C07B00726B34 /* Info.plist */ = {isa = PBXFileReference; lastKnownFileType = text.plist.xml; path = Info.plist; sourceTree = "<group>"; };
		A243178721C7C07B00726B34 /* LLBlueToothDemoTests.xctest */ = {isa = PBXFileReference; explicitFileType = wrapper.cfbundle; includeInIndex = 0; path = LLBlueToothDemoTests.xctest; sourceTree = BUILT_PRODUCTS_DIR; };
		A243178B21C7C07B00726B34 /* LLBlueToothDemoTests.swift */ = {isa = PBXFileReference; lastKnownFileType = sourcecode.swift; path = LLBlueToothDemoTests.swift; sourceTree = "<group>"; };
		A243178D21C7C07B00726B34 /* Info.plist */ = {isa = PBXFileReference; lastKnownFileType = text.plist.xml; path = Info.plist; sourceTree = "<group>"; };
		A243179221C7C07B00726B34 /* LLBlueToothDemoUITests.xctest */ = {isa = PBXFileReference; explicitFileType = wrapper.cfbundle; includeInIndex = 0; path = LLBlueToothDemoUITests.xctest; sourceTree = BUILT_PRODUCTS_DIR; };
		A243179621C7C07B00726B34 /* LLBlueToothDemoUITests.swift */ = {isa = PBXFileReference; lastKnownFileType = sourcecode.swift; path = LLBlueToothDemoUITests.swift; sourceTree = "<group>"; };
		A243179821C7C07B00726B34 /* Info.plist */ = {isa = PBXFileReference; lastKnownFileType = text.plist.xml; path = Info.plist; sourceTree = "<group>"; };
		A24317A921C7C17900726B34 /* LLBlueTooth.framework */ = {isa = PBXFileReference; explicitFileType = wrapper.framework; includeInIndex = 0; path = LLBlueTooth.framework; sourceTree = BUILT_PRODUCTS_DIR; };
		A24317AB21C7C17900726B34 /* LLBlueTooth.h */ = {isa = PBXFileReference; lastKnownFileType = sourcecode.c.h; path = LLBlueTooth.h; sourceTree = "<group>"; };
		A24317AC21C7C17900726B34 /* Info.plist */ = {isa = PBXFileReference; lastKnownFileType = text.plist.xml; path = Info.plist; sourceTree = "<group>"; };
		A24317B121C7C17900726B34 /* LLBlueToothTests.xctest */ = {isa = PBXFileReference; explicitFileType = wrapper.cfbundle; includeInIndex = 0; path = LLBlueToothTests.xctest; sourceTree = BUILT_PRODUCTS_DIR; };
		A24317B821C7C17A00726B34 /* LLBlueToothTests.swift */ = {isa = PBXFileReference; lastKnownFileType = sourcecode.swift; path = LLBlueToothTests.swift; sourceTree = "<group>"; };
		A24317BA21C7C17A00726B34 /* Info.plist */ = {isa = PBXFileReference; lastKnownFileType = text.plist.xml; path = Info.plist; sourceTree = "<group>"; };
		A24317C721C7C19500726B34 /* LLBlueTooth.swift */ = {isa = PBXFileReference; lastKnownFileType = sourcecode.swift; path = LLBlueTooth.swift; sourceTree = "<group>"; };
		BBDD35E90CFAC62B8C8C65A0 /* Pods-LLBlueToothDemoUITests.debug.xcconfig */ = {isa = PBXFileReference; includeInIndex = 1; lastKnownFileType = text.xcconfig; name = "Pods-LLBlueToothDemoUITests.debug.xcconfig"; path = "Pods/Target Support Files/Pods-LLBlueToothDemoUITests/Pods-LLBlueToothDemoUITests.debug.xcconfig"; sourceTree = "<group>"; };
		C7D7A05ADEF8755A5513E0B3 /* Pods-LLBlueToothDemo.debug.xcconfig */ = {isa = PBXFileReference; includeInIndex = 1; lastKnownFileType = text.xcconfig; name = "Pods-LLBlueToothDemo.debug.xcconfig"; path = "Pods/Target Support Files/Pods-LLBlueToothDemo/Pods-LLBlueToothDemo.debug.xcconfig"; sourceTree = "<group>"; };
		D0D3098F4A65F1D6FCF1DE10 /* Pods_LLBlueToothDemo.framework */ = {isa = PBXFileReference; explicitFileType = wrapper.framework; includeInIndex = 0; path = Pods_LLBlueToothDemo.framework; sourceTree = BUILT_PRODUCTS_DIR; };
		DB4E859651179B612EE31417 /* Pods-LLBlueToothDemoUITests.release.xcconfig */ = {isa = PBXFileReference; includeInIndex = 1; lastKnownFileType = text.xcconfig; name = "Pods-LLBlueToothDemoUITests.release.xcconfig"; path = "Pods/Target Support Files/Pods-LLBlueToothDemoUITests/Pods-LLBlueToothDemoUITests.release.xcconfig"; sourceTree = "<group>"; };
		E2F442FB21C8F53000A3D5E9 /* BLENativeVC.swift */ = {isa = PBXFileReference; lastKnownFileType = sourcecode.swift; path = BLENativeVC.swift; sourceTree = "<group>"; };
		F60A58BEC28D0B210E26A9FE /* Pods-LLBlueToothDemoTests.debug.xcconfig */ = {isa = PBXFileReference; includeInIndex = 1; lastKnownFileType = text.xcconfig; name = "Pods-LLBlueToothDemoTests.debug.xcconfig"; path = "Pods/Target Support Files/Pods-LLBlueToothDemoTests/Pods-LLBlueToothDemoTests.debug.xcconfig"; sourceTree = "<group>"; };
/* End PBXFileReference section */

/* Begin PBXFrameworksBuildPhase section */
		A243177021C7C07700726B34 /* Frameworks */ = {
			isa = PBXFrameworksBuildPhase;
			buildActionMask = 2147483647;
			files = (
				0C48D2590FF203BCABB8D88E /* Pods_LLBlueToothDemo.framework in Frameworks */,
				A24317BE21C7C17A00726B34 /* LLBlueTooth.framework in Frameworks */,
			);
			runOnlyForDeploymentPostprocessing = 0;
		};
		A243178421C7C07B00726B34 /* Frameworks */ = {
			isa = PBXFrameworksBuildPhase;
			buildActionMask = 2147483647;
			files = (
				8AE428075DD1F0AED4B96A40 /* Pods_LLBlueToothDemoTests.framework in Frameworks */,
			);
			runOnlyForDeploymentPostprocessing = 0;
		};
		A243178F21C7C07B00726B34 /* Frameworks */ = {
			isa = PBXFrameworksBuildPhase;
			buildActionMask = 2147483647;
			files = (
				99C6BBB4ABFF1C4E616B0460 /* Pods_LLBlueToothDemoUITests.framework in Frameworks */,
			);
			runOnlyForDeploymentPostprocessing = 0;
		};
		A24317A621C7C17900726B34 /* Frameworks */ = {
			isa = PBXFrameworksBuildPhase;
			buildActionMask = 2147483647;
			files = (
			);
			runOnlyForDeploymentPostprocessing = 0;
		};
		A24317AE21C7C17900726B34 /* Frameworks */ = {
			isa = PBXFrameworksBuildPhase;
			buildActionMask = 2147483647;
			files = (
				A24317B221C7C17A00726B34 /* LLBlueTooth.framework in Frameworks */,
			);
			runOnlyForDeploymentPostprocessing = 0;
		};
/* End PBXFrameworksBuildPhase section */

/* Begin PBXGroup section */
		314B3D872C1FA5DAE3937FB5 /* Frameworks */ = {
			isa = PBXGroup;
			children = (
				D0D3098F4A65F1D6FCF1DE10 /* Pods_LLBlueToothDemo.framework */,
				143CEB0A32F3ED773837BFE7 /* Pods_LLBlueToothDemoTests.framework */,
				4D6848EA69B8137A1AAD53D8 /* Pods_LLBlueToothDemoUITests.framework */,
			);
			name = Frameworks;
			sourceTree = "<group>";
		};
		A243176A21C7C07700726B34 = {
			isa = PBXGroup;
			children = (
				A243177521C7C07700726B34 /* LLBlueToothDemo */,
				A243178A21C7C07B00726B34 /* LLBlueToothDemoTests */,
				A243179521C7C07B00726B34 /* LLBlueToothDemoUITests */,
				A24317AA21C7C17900726B34 /* LLBlueTooth */,
				A24317B721C7C17A00726B34 /* LLBlueToothTests */,
				A243177421C7C07700726B34 /* Products */,
				EE6A7985CA904E1952DE9EE3 /* Pods */,
				314B3D872C1FA5DAE3937FB5 /* Frameworks */,
			);
			sourceTree = "<group>";
		};
		A243177421C7C07700726B34 /* Products */ = {
			isa = PBXGroup;
			children = (
				A243177321C7C07700726B34 /* LLBlueToothDemo.app */,
				A243178721C7C07B00726B34 /* LLBlueToothDemoTests.xctest */,
				A243179221C7C07B00726B34 /* LLBlueToothDemoUITests.xctest */,
				A24317A921C7C17900726B34 /* LLBlueTooth.framework */,
				A24317B121C7C17900726B34 /* LLBlueToothTests.xctest */,
			);
			name = Products;
			sourceTree = "<group>";
		};
		A243177521C7C07700726B34 /* LLBlueToothDemo */ = {
			isa = PBXGroup;
			children = (
				A243177621C7C07700726B34 /* AppDelegate.swift */,
				A243177821C7C07700726B34 /* ViewController.swift */,
				E2F442FB21C8F53000A3D5E9 /* BLENativeVC.swift */,
				A243177A21C7C07700726B34 /* Main.storyboard */,
				A243177D21C7C07B00726B34 /* Assets.xcassets */,
				A243177F21C7C07B00726B34 /* LaunchScreen.storyboard */,
				A243178221C7C07B00726B34 /* Info.plist */,
			);
			path = LLBlueToothDemo;
			sourceTree = "<group>";
		};
		A243178A21C7C07B00726B34 /* LLBlueToothDemoTests */ = {
			isa = PBXGroup;
			children = (
				A243178B21C7C07B00726B34 /* LLBlueToothDemoTests.swift */,
				A243178D21C7C07B00726B34 /* Info.plist */,
			);
			path = LLBlueToothDemoTests;
			sourceTree = "<group>";
		};
		A243179521C7C07B00726B34 /* LLBlueToothDemoUITests */ = {
			isa = PBXGroup;
			children = (
				A243179621C7C07B00726B34 /* LLBlueToothDemoUITests.swift */,
				A243179821C7C07B00726B34 /* Info.plist */,
			);
			path = LLBlueToothDemoUITests;
			sourceTree = "<group>";
		};
		A24317AA21C7C17900726B34 /* LLBlueTooth */ = {
			isa = PBXGroup;
			children = (
				A24317AB21C7C17900726B34 /* LLBlueTooth.h */,
				A24317C721C7C19500726B34 /* LLBlueTooth.swift */,
				A24317AC21C7C17900726B34 /* Info.plist */,
			);
			path = LLBlueTooth;
			sourceTree = "<group>";
		};
		A24317B721C7C17A00726B34 /* LLBlueToothTests */ = {
			isa = PBXGroup;
			children = (
				A24317B821C7C17A00726B34 /* LLBlueToothTests.swift */,
				A24317BA21C7C17A00726B34 /* Info.plist */,
			);
			path = LLBlueToothTests;
			sourceTree = "<group>";
		};
		EE6A7985CA904E1952DE9EE3 /* Pods */ = {
			isa = PBXGroup;
			children = (
				C7D7A05ADEF8755A5513E0B3 /* Pods-LLBlueToothDemo.debug.xcconfig */,
				8D33AD9524E2ABF66BF4EA9B /* Pods-LLBlueToothDemo.release.xcconfig */,
				F60A58BEC28D0B210E26A9FE /* Pods-LLBlueToothDemoTests.debug.xcconfig */,
				4F0F7CBBD47E9076577FB0EB /* Pods-LLBlueToothDemoTests.release.xcconfig */,
				BBDD35E90CFAC62B8C8C65A0 /* Pods-LLBlueToothDemoUITests.debug.xcconfig */,
				DB4E859651179B612EE31417 /* Pods-LLBlueToothDemoUITests.release.xcconfig */,
			);
			name = Pods;
			sourceTree = "<group>";
		};
/* End PBXGroup section */

/* Begin PBXHeadersBuildPhase section */
		A24317A421C7C17900726B34 /* Headers */ = {
			isa = PBXHeadersBuildPhase;
			buildActionMask = 2147483647;
			files = (
				A24317BB21C7C17A00726B34 /* LLBlueTooth.h in Headers */,
			);
			runOnlyForDeploymentPostprocessing = 0;
		};
/* End PBXHeadersBuildPhase section */

/* Begin PBXNativeTarget section */
		A243177221C7C07700726B34 /* LLBlueToothDemo */ = {
			isa = PBXNativeTarget;
			buildConfigurationList = A243179B21C7C07B00726B34 /* Build configuration list for PBXNativeTarget "LLBlueToothDemo" */;
			buildPhases = (
				DF74B131D1CC6F2311CCF702 /* [CP] Check Pods Manifest.lock */,
				A243176F21C7C07700726B34 /* Sources */,
				A243177021C7C07700726B34 /* Frameworks */,
				A243177121C7C07700726B34 /* Resources */,
				A24317C521C7C17A00726B34 /* Embed Frameworks */,
			);
			buildRules = (
			);
			dependencies = (
				A24317BD21C7C17A00726B34 /* PBXTargetDependency */,
			);
			name = LLBlueToothDemo;
			productName = LLBlueToothDemo;
			productReference = A243177321C7C07700726B34 /* LLBlueToothDemo.app */;
			productType = "com.apple.product-type.application";
		};
		A243178621C7C07B00726B34 /* LLBlueToothDemoTests */ = {
			isa = PBXNativeTarget;
			buildConfigurationList = A243179E21C7C07B00726B34 /* Build configuration list for PBXNativeTarget "LLBlueToothDemoTests" */;
			buildPhases = (
				81D7AEE11A21E0324ADA7B59 /* [CP] Check Pods Manifest.lock */,
				A243178321C7C07B00726B34 /* Sources */,
				A243178421C7C07B00726B34 /* Frameworks */,
				A243178521C7C07B00726B34 /* Resources */,
			);
			buildRules = (
			);
			dependencies = (
				A243178921C7C07B00726B34 /* PBXTargetDependency */,
			);
			name = LLBlueToothDemoTests;
			productName = LLBlueToothDemoTests;
			productReference = A243178721C7C07B00726B34 /* LLBlueToothDemoTests.xctest */;
			productType = "com.apple.product-type.bundle.unit-test";
		};
		A243179121C7C07B00726B34 /* LLBlueToothDemoUITests */ = {
			isa = PBXNativeTarget;
			buildConfigurationList = A24317A121C7C07B00726B34 /* Build configuration list for PBXNativeTarget "LLBlueToothDemoUITests" */;
			buildPhases = (
				9BBAED3B067B10BB40F194C5 /* [CP] Check Pods Manifest.lock */,
				A243178E21C7C07B00726B34 /* Sources */,
				A243178F21C7C07B00726B34 /* Frameworks */,
				A243179021C7C07B00726B34 /* Resources */,
			);
			buildRules = (
			);
			dependencies = (
				A243179421C7C07B00726B34 /* PBXTargetDependency */,
			);
			name = LLBlueToothDemoUITests;
			productName = LLBlueToothDemoUITests;
			productReference = A243179221C7C07B00726B34 /* LLBlueToothDemoUITests.xctest */;
			productType = "com.apple.product-type.bundle.ui-testing";
		};
		A24317A821C7C17900726B34 /* LLBlueTooth */ = {
			isa = PBXNativeTarget;
			buildConfigurationList = A24317C421C7C17A00726B34 /* Build configuration list for PBXNativeTarget "LLBlueTooth" */;
			buildPhases = (
				A24317A421C7C17900726B34 /* Headers */,
				A24317A521C7C17900726B34 /* Sources */,
				A24317A621C7C17900726B34 /* Frameworks */,
				A24317A721C7C17900726B34 /* Resources */,
			);
			buildRules = (
			);
			dependencies = (
			);
			name = LLBlueTooth;
			productName = LLBlueTooth;
			productReference = A24317A921C7C17900726B34 /* LLBlueTooth.framework */;
			productType = "com.apple.product-type.framework";
		};
		A24317B021C7C17900726B34 /* LLBlueToothTests */ = {
			isa = PBXNativeTarget;
			buildConfigurationList = A24317C621C7C17A00726B34 /* Build configuration list for PBXNativeTarget "LLBlueToothTests" */;
			buildPhases = (
				A24317AD21C7C17900726B34 /* Sources */,
				A24317AE21C7C17900726B34 /* Frameworks */,
				A24317AF21C7C17900726B34 /* Resources */,
			);
			buildRules = (
			);
			dependencies = (
				A24317B421C7C17A00726B34 /* PBXTargetDependency */,
				A24317B621C7C17A00726B34 /* PBXTargetDependency */,
			);
			name = LLBlueToothTests;
			productName = LLBlueToothTests;
			productReference = A24317B121C7C17900726B34 /* LLBlueToothTests.xctest */;
			productType = "com.apple.product-type.bundle.unit-test";
		};
/* End PBXNativeTarget section */

/* Begin PBXProject section */
		A243176B21C7C07700726B34 /* Project object */ = {
			isa = PBXProject;
			attributes = {
				LastSwiftUpdateCheck = 1010;
				LastUpgradeCheck = 1010;
				ORGANIZATIONNAME = SongMengLong;
				TargetAttributes = {
					A243177221C7C07700726B34 = {
						CreatedOnToolsVersion = 10.1;
					};
					A243178621C7C07B00726B34 = {
						CreatedOnToolsVersion = 10.1;
						TestTargetID = A243177221C7C07700726B34;
					};
					A243179121C7C07B00726B34 = {
						CreatedOnToolsVersion = 10.1;
						TestTargetID = A243177221C7C07700726B34;
					};
					A24317A821C7C17900726B34 = {
						CreatedOnToolsVersion = 10.1;
						LastSwiftMigration = 1010;
					};
					A24317B021C7C17900726B34 = {
						CreatedOnToolsVersion = 10.1;
						TestTargetID = A243177221C7C07700726B34;
					};
				};
			};
			buildConfigurationList = A243176E21C7C07700726B34 /* Build configuration list for PBXProject "LLBlueToothDemo" */;
			compatibilityVersion = "Xcode 9.3";
			developmentRegion = en;
			hasScannedForEncodings = 0;
			knownRegions = (
				en,
				Base,
			);
			mainGroup = A243176A21C7C07700726B34;
			productRefGroup = A243177421C7C07700726B34 /* Products */;
			projectDirPath = "";
			projectRoot = "";
			targets = (
				A243177221C7C07700726B34 /* LLBlueToothDemo */,
				A243178621C7C07B00726B34 /* LLBlueToothDemoTests */,
				A243179121C7C07B00726B34 /* LLBlueToothDemoUITests */,
				A24317A821C7C17900726B34 /* LLBlueTooth */,
				A24317B021C7C17900726B34 /* LLBlueToothTests */,
			);
		};
/* End PBXProject section */

/* Begin PBXResourcesBuildPhase section */
		A243177121C7C07700726B34 /* Resources */ = {
			isa = PBXResourcesBuildPhase;
			buildActionMask = 2147483647;
			files = (
				A243178121C7C07B00726B34 /* LaunchScreen.storyboard in Resources */,
				A243177E21C7C07B00726B34 /* Assets.xcassets in Resources */,
				A243177C21C7C07700726B34 /* Main.storyboard in Resources */,
			);
			runOnlyForDeploymentPostprocessing = 0;
		};
		A243178521C7C07B00726B34 /* Resources */ = {
			isa = PBXResourcesBuildPhase;
			buildActionMask = 2147483647;
			files = (
			);
			runOnlyForDeploymentPostprocessing = 0;
		};
		A243179021C7C07B00726B34 /* Resources */ = {
			isa = PBXResourcesBuildPhase;
			buildActionMask = 2147483647;
			files = (
			);
			runOnlyForDeploymentPostprocessing = 0;
		};
		A24317A721C7C17900726B34 /* Resources */ = {
			isa = PBXResourcesBuildPhase;
			buildActionMask = 2147483647;
			files = (
			);
			runOnlyForDeploymentPostprocessing = 0;
		};
		A24317AF21C7C17900726B34 /* Resources */ = {
			isa = PBXResourcesBuildPhase;
			buildActionMask = 2147483647;
			files = (
			);
			runOnlyForDeploymentPostprocessing = 0;
		};
/* End PBXResourcesBuildPhase section */

/* Begin PBXShellScriptBuildPhase section */
		81D7AEE11A21E0324ADA7B59 /* [CP] Check Pods Manifest.lock */ = {
			isa = PBXShellScriptBuildPhase;
			buildActionMask = 2147483647;
			files = (
			);
			inputFileListPaths = (
			);
			inputPaths = (
				"${PODS_PODFILE_DIR_PATH}/Podfile.lock",
				"${PODS_ROOT}/Manifest.lock",
			);
			name = "[CP] Check Pods Manifest.lock";
			outputFileListPaths = (
			);
			outputPaths = (
				"$(DERIVED_FILE_DIR)/Pods-LLBlueToothDemoTests-checkManifestLockResult.txt",
			);
			runOnlyForDeploymentPostprocessing = 0;
			shellPath = /bin/sh;
			shellScript = "diff \"${PODS_PODFILE_DIR_PATH}/Podfile.lock\" \"${PODS_ROOT}/Manifest.lock\" > /dev/null\nif [ $? != 0 ] ; then\n    # print error to STDERR\n    echo \"error: The sandbox is not in sync with the Podfile.lock. Run 'pod install' or update your CocoaPods installation.\" >&2\n    exit 1\nfi\n# This output is used by Xcode 'outputs' to avoid re-running this script phase.\necho \"SUCCESS\" > \"${SCRIPT_OUTPUT_FILE_0}\"\n";
			showEnvVarsInLog = 0;
		};
		9BBAED3B067B10BB40F194C5 /* [CP] Check Pods Manifest.lock */ = {
			isa = PBXShellScriptBuildPhase;
			buildActionMask = 2147483647;
			files = (
			);
			inputFileListPaths = (
			);
			inputPaths = (
				"${PODS_PODFILE_DIR_PATH}/Podfile.lock",
				"${PODS_ROOT}/Manifest.lock",
			);
			name = "[CP] Check Pods Manifest.lock";
			outputFileListPaths = (
			);
			outputPaths = (
				"$(DERIVED_FILE_DIR)/Pods-LLBlueToothDemoUITests-checkManifestLockResult.txt",
			);
			runOnlyForDeploymentPostprocessing = 0;
			shellPath = /bin/sh;
			shellScript = "diff \"${PODS_PODFILE_DIR_PATH}/Podfile.lock\" \"${PODS_ROOT}/Manifest.lock\" > /dev/null\nif [ $? != 0 ] ; then\n    # print error to STDERR\n    echo \"error: The sandbox is not in sync with the Podfile.lock. Run 'pod install' or update your CocoaPods installation.\" >&2\n    exit 1\nfi\n# This output is used by Xcode 'outputs' to avoid re-running this script phase.\necho \"SUCCESS\" > \"${SCRIPT_OUTPUT_FILE_0}\"\n";
			showEnvVarsInLog = 0;
		};
		DF74B131D1CC6F2311CCF702 /* [CP] Check Pods Manifest.lock */ = {
			isa = PBXShellScriptBuildPhase;
			buildActionMask = 2147483647;
			files = (
			);
			inputFileListPaths = (
			);
			inputPaths = (
				"${PODS_PODFILE_DIR_PATH}/Podfile.lock",
				"${PODS_ROOT}/Manifest.lock",
			);
			name = "[CP] Check Pods Manifest.lock";
			outputFileListPaths = (
			);
			outputPaths = (
				"$(DERIVED_FILE_DIR)/Pods-LLBlueToothDemo-checkManifestLockResult.txt",
			);
			runOnlyForDeploymentPostprocessing = 0;
			shellPath = /bin/sh;
			shellScript = "diff \"${PODS_PODFILE_DIR_PATH}/Podfile.lock\" \"${PODS_ROOT}/Manifest.lock\" > /dev/null\nif [ $? != 0 ] ; then\n    # print error to STDERR\n    echo \"error: The sandbox is not in sync with the Podfile.lock. Run 'pod install' or update your CocoaPods installation.\" >&2\n    exit 1\nfi\n# This output is used by Xcode 'outputs' to avoid re-running this script phase.\necho \"SUCCESS\" > \"${SCRIPT_OUTPUT_FILE_0}\"\n";
			showEnvVarsInLog = 0;
		};
/* End PBXShellScriptBuildPhase section */

/* Begin PBXSourcesBuildPhase section */
		A243176F21C7C07700726B34 /* Sources */ = {
			isa = PBXSourcesBuildPhase;
			buildActionMask = 2147483647;
			files = (
				E2F442FC21C8F53000A3D5E9 /* BLENativeVC.swift in Sources */,
				A243177921C7C07700726B34 /* ViewController.swift in Sources */,
				A243177721C7C07700726B34 /* AppDelegate.swift in Sources */,
			);
			runOnlyForDeploymentPostprocessing = 0;
		};
		A243178321C7C07B00726B34 /* Sources */ = {
			isa = PBXSourcesBuildPhase;
			buildActionMask = 2147483647;
			files = (
				A243178C21C7C07B00726B34 /* LLBlueToothDemoTests.swift in Sources */,
			);
			runOnlyForDeploymentPostprocessing = 0;
		};
		A243178E21C7C07B00726B34 /* Sources */ = {
			isa = PBXSourcesBuildPhase;
			buildActionMask = 2147483647;
			files = (
				A243179721C7C07B00726B34 /* LLBlueToothDemoUITests.swift in Sources */,
			);
			runOnlyForDeploymentPostprocessing = 0;
		};
		A24317A521C7C17900726B34 /* Sources */ = {
			isa = PBXSourcesBuildPhase;
			buildActionMask = 2147483647;
			files = (
				A24317C821C7C19500726B34 /* LLBlueTooth.swift in Sources */,
			);
			runOnlyForDeploymentPostprocessing = 0;
		};
		A24317AD21C7C17900726B34 /* Sources */ = {
			isa = PBXSourcesBuildPhase;
			buildActionMask = 2147483647;
			files = (
				A24317B921C7C17A00726B34 /* LLBlueToothTests.swift in Sources */,
			);
			runOnlyForDeploymentPostprocessing = 0;
		};
/* End PBXSourcesBuildPhase section */

/* Begin PBXTargetDependency section */
		A243178921C7C07B00726B34 /* PBXTargetDependency */ = {
			isa = PBXTargetDependency;
			target = A243177221C7C07700726B34 /* LLBlueToothDemo */;
			targetProxy = A243178821C7C07B00726B34 /* PBXContainerItemProxy */;
		};
		A243179421C7C07B00726B34 /* PBXTargetDependency */ = {
			isa = PBXTargetDependency;
			target = A243177221C7C07700726B34 /* LLBlueToothDemo */;
			targetProxy = A243179321C7C07B00726B34 /* PBXContainerItemProxy */;
		};
		A24317B421C7C17A00726B34 /* PBXTargetDependency */ = {
			isa = PBXTargetDependency;
			target = A24317A821C7C17900726B34 /* LLBlueTooth */;
			targetProxy = A24317B321C7C17A00726B34 /* PBXContainerItemProxy */;
		};
		A24317B621C7C17A00726B34 /* PBXTargetDependency */ = {
			isa = PBXTargetDependency;
			target = A243177221C7C07700726B34 /* LLBlueToothDemo */;
			targetProxy = A24317B521C7C17A00726B34 /* PBXContainerItemProxy */;
		};
		A24317BD21C7C17A00726B34 /* PBXTargetDependency */ = {
			isa = PBXTargetDependency;
			target = A24317A821C7C17900726B34 /* LLBlueTooth */;
			targetProxy = A24317BC21C7C17A00726B34 /* PBXContainerItemProxy */;
		};
/* End PBXTargetDependency section */

/* Begin PBXVariantGroup section */
		A243177A21C7C07700726B34 /* Main.storyboard */ = {
			isa = PBXVariantGroup;
			children = (
				A243177B21C7C07700726B34 /* Base */,
			);
			name = Main.storyboard;
			sourceTree = "<group>";
		};
		A243177F21C7C07B00726B34 /* LaunchScreen.storyboard */ = {
			isa = PBXVariantGroup;
			children = (
				A243178021C7C07B00726B34 /* Base */,
			);
			name = LaunchScreen.storyboard;
			sourceTree = "<group>";
		};
/* End PBXVariantGroup section */

/* Begin XCBuildConfiguration section */
		A243179921C7C07B00726B34 /* Debug */ = {
			isa = XCBuildConfiguration;
			buildSettings = {
				ALWAYS_SEARCH_USER_PATHS = NO;
				CLANG_ANALYZER_NONNULL = YES;
				CLANG_ANALYZER_NUMBER_OBJECT_CONVERSION = YES_AGGRESSIVE;
				CLANG_CXX_LANGUAGE_STANDARD = "gnu++14";
				CLANG_CXX_LIBRARY = "libc++";
				CLANG_ENABLE_MODULES = YES;
				CLANG_ENABLE_OBJC_ARC = YES;
				CLANG_ENABLE_OBJC_WEAK = YES;
				CLANG_WARN_BLOCK_CAPTURE_AUTORELEASING = YES;
				CLANG_WARN_BOOL_CONVERSION = YES;
				CLANG_WARN_COMMA = YES;
				CLANG_WARN_CONSTANT_CONVERSION = YES;
				CLANG_WARN_DEPRECATED_OBJC_IMPLEMENTATIONS = YES;
				CLANG_WARN_DIRECT_OBJC_ISA_USAGE = YES_ERROR;
				CLANG_WARN_DOCUMENTATION_COMMENTS = YES;
				CLANG_WARN_EMPTY_BODY = YES;
				CLANG_WARN_ENUM_CONVERSION = YES;
				CLANG_WARN_INFINITE_RECURSION = YES;
				CLANG_WARN_INT_CONVERSION = YES;
				CLANG_WARN_NON_LITERAL_NULL_CONVERSION = YES;
				CLANG_WARN_OBJC_IMPLICIT_RETAIN_SELF = YES;
				CLANG_WARN_OBJC_LITERAL_CONVERSION = YES;
				CLANG_WARN_OBJC_ROOT_CLASS = YES_ERROR;
				CLANG_WARN_RANGE_LOOP_ANALYSIS = YES;
				CLANG_WARN_STRICT_PROTOTYPES = YES;
				CLANG_WARN_SUSPICIOUS_MOVE = YES;
				CLANG_WARN_UNGUARDED_AVAILABILITY = YES_AGGRESSIVE;
				CLANG_WARN_UNREACHABLE_CODE = YES;
				CLANG_WARN__DUPLICATE_METHOD_MATCH = YES;
				CODE_SIGN_IDENTITY = "iPhone Developer";
				COPY_PHASE_STRIP = NO;
				DEBUG_INFORMATION_FORMAT = dwarf;
				ENABLE_STRICT_OBJC_MSGSEND = YES;
				ENABLE_TESTABILITY = YES;
				GCC_C_LANGUAGE_STANDARD = gnu11;
				GCC_DYNAMIC_NO_PIC = NO;
				GCC_NO_COMMON_BLOCKS = YES;
				GCC_OPTIMIZATION_LEVEL = 0;
				GCC_PREPROCESSOR_DEFINITIONS = (
					"DEBUG=1",
					"$(inherited)",
				);
				GCC_WARN_64_TO_32_BIT_CONVERSION = YES;
				GCC_WARN_ABOUT_RETURN_TYPE = YES_ERROR;
				GCC_WARN_UNDECLARED_SELECTOR = YES;
				GCC_WARN_UNINITIALIZED_AUTOS = YES_AGGRESSIVE;
				GCC_WARN_UNUSED_FUNCTION = YES;
				GCC_WARN_UNUSED_VARIABLE = YES;
				IPHONEOS_DEPLOYMENT_TARGET = 12.1;
				MTL_ENABLE_DEBUG_INFO = INCLUDE_SOURCE;
				MTL_FAST_MATH = YES;
				ONLY_ACTIVE_ARCH = YES;
				SDKROOT = iphoneos;
				SWIFT_ACTIVE_COMPILATION_CONDITIONS = DEBUG;
				SWIFT_OPTIMIZATION_LEVEL = "-Onone";
			};
			name = Debug;
		};
		A243179A21C7C07B00726B34 /* Release */ = {
			isa = XCBuildConfiguration;
			buildSettings = {
				ALWAYS_SEARCH_USER_PATHS = NO;
				CLANG_ANALYZER_NONNULL = YES;
				CLANG_ANALYZER_NUMBER_OBJECT_CONVERSION = YES_AGGRESSIVE;
				CLANG_CXX_LANGUAGE_STANDARD = "gnu++14";
				CLANG_CXX_LIBRARY = "libc++";
				CLANG_ENABLE_MODULES = YES;
				CLANG_ENABLE_OBJC_ARC = YES;
				CLANG_ENABLE_OBJC_WEAK = YES;
				CLANG_WARN_BLOCK_CAPTURE_AUTORELEASING = YES;
				CLANG_WARN_BOOL_CONVERSION = YES;
				CLANG_WARN_COMMA = YES;
				CLANG_WARN_CONSTANT_CONVERSION = YES;
				CLANG_WARN_DEPRECATED_OBJC_IMPLEMENTATIONS = YES;
				CLANG_WARN_DIRECT_OBJC_ISA_USAGE = YES_ERROR;
				CLANG_WARN_DOCUMENTATION_COMMENTS = YES;
				CLANG_WARN_EMPTY_BODY = YES;
				CLANG_WARN_ENUM_CONVERSION = YES;
				CLANG_WARN_INFINITE_RECURSION = YES;
				CLANG_WARN_INT_CONVERSION = YES;
				CLANG_WARN_NON_LITERAL_NULL_CONVERSION = YES;
				CLANG_WARN_OBJC_IMPLICIT_RETAIN_SELF = YES;
				CLANG_WARN_OBJC_LITERAL_CONVERSION = YES;
				CLANG_WARN_OBJC_ROOT_CLASS = YES_ERROR;
				CLANG_WARN_RANGE_LOOP_ANALYSIS = YES;
				CLANG_WARN_STRICT_PROTOTYPES = YES;
				CLANG_WARN_SUSPICIOUS_MOVE = YES;
				CLANG_WARN_UNGUARDED_AVAILABILITY = YES_AGGRESSIVE;
				CLANG_WARN_UNREACHABLE_CODE = YES;
				CLANG_WARN__DUPLICATE_METHOD_MATCH = YES;
				CODE_SIGN_IDENTITY = "iPhone Developer";
				COPY_PHASE_STRIP = NO;
				DEBUG_INFORMATION_FORMAT = "dwarf-with-dsym";
				ENABLE_NS_ASSERTIONS = NO;
				ENABLE_STRICT_OBJC_MSGSEND = YES;
				GCC_C_LANGUAGE_STANDARD = gnu11;
				GCC_NO_COMMON_BLOCKS = YES;
				GCC_WARN_64_TO_32_BIT_CONVERSION = YES;
				GCC_WARN_ABOUT_RETURN_TYPE = YES_ERROR;
				GCC_WARN_UNDECLARED_SELECTOR = YES;
				GCC_WARN_UNINITIALIZED_AUTOS = YES_AGGRESSIVE;
				GCC_WARN_UNUSED_FUNCTION = YES;
				GCC_WARN_UNUSED_VARIABLE = YES;
				IPHONEOS_DEPLOYMENT_TARGET = 12.1;
				MTL_ENABLE_DEBUG_INFO = NO;
				MTL_FAST_MATH = YES;
				SDKROOT = iphoneos;
				SWIFT_COMPILATION_MODE = wholemodule;
				SWIFT_OPTIMIZATION_LEVEL = "-O";
				VALIDATE_PRODUCT = YES;
			};
			name = Release;
		};
		A243179C21C7C07B00726B34 /* Debug */ = {
			isa = XCBuildConfiguration;
			baseConfigurationReference = C7D7A05ADEF8755A5513E0B3 /* Pods-LLBlueToothDemo.debug.xcconfig */;
			buildSettings = {
				ALWAYS_EMBED_SWIFT_STANDARD_LIBRARIES = YES;
				ASSETCATALOG_COMPILER_APPICON_NAME = AppIcon;
				CODE_SIGN_STYLE = Automatic;
				DEVELOPMENT_TEAM = LYW4U2TVKK;
				INFOPLIST_FILE = LLBlueToothDemo/Info.plist;
				LD_RUNPATH_SEARCH_PATHS = (
					"$(inherited)",
					"@executable_path/Frameworks",
				);
				PRODUCT_BUNDLE_IDENTIFIER = com.menglongsong.LLBlueToothDemo;
				PRODUCT_NAME = "$(TARGET_NAME)";
				SWIFT_VERSION = 4.2;
				TARGETED_DEVICE_FAMILY = "1,2";
			};
			name = Debug;
		};
		A243179D21C7C07B00726B34 /* Release */ = {
			isa = XCBuildConfiguration;
			baseConfigurationReference = 8D33AD9524E2ABF66BF4EA9B /* Pods-LLBlueToothDemo.release.xcconfig */;
			buildSettings = {
				ALWAYS_EMBED_SWIFT_STANDARD_LIBRARIES = YES;
				ASSETCATALOG_COMPILER_APPICON_NAME = AppIcon;
				CODE_SIGN_STYLE = Automatic;
				DEVELOPMENT_TEAM = LYW4U2TVKK;
				INFOPLIST_FILE = LLBlueToothDemo/Info.plist;
				LD_RUNPATH_SEARCH_PATHS = (
					"$(inherited)",
					"@executable_path/Frameworks",
				);
				PRODUCT_BUNDLE_IDENTIFIER = com.menglongsong.LLBlueToothDemo;
				PRODUCT_NAME = "$(TARGET_NAME)";
				SWIFT_VERSION = 4.2;
				TARGETED_DEVICE_FAMILY = "1,2";
			};
			name = Release;
		};
		A243179F21C7C07B00726B34 /* Debug */ = {
			isa = XCBuildConfiguration;
			baseConfigurationReference = F60A58BEC28D0B210E26A9FE /* Pods-LLBlueToothDemoTests.debug.xcconfig */;
			buildSettings = {
				ALWAYS_EMBED_SWIFT_STANDARD_LIBRARIES = YES;
				BUNDLE_LOADER = "$(TEST_HOST)";
				CODE_SIGN_STYLE = Automatic;
				DEVELOPMENT_TEAM = LYW4U2TVKK;
				INFOPLIST_FILE = LLBlueToothDemoTests/Info.plist;
				LD_RUNPATH_SEARCH_PATHS = (
					"$(inherited)",
					"@executable_path/Frameworks",
					"@loader_path/Frameworks",
				);
				PRODUCT_BUNDLE_IDENTIFIER = com.menglongsong.LLBlueToothDemoTests;
				PRODUCT_NAME = "$(TARGET_NAME)";
				SWIFT_VERSION = 4.2;
				TARGETED_DEVICE_FAMILY = "1,2";
				TEST_HOST = "$(BUILT_PRODUCTS_DIR)/LLBlueToothDemo.app/LLBlueToothDemo";
			};
			name = Debug;
		};
		A24317A021C7C07B00726B34 /* Release */ = {
			isa = XCBuildConfiguration;
			baseConfigurationReference = 4F0F7CBBD47E9076577FB0EB /* Pods-LLBlueToothDemoTests.release.xcconfig */;
			buildSettings = {
				ALWAYS_EMBED_SWIFT_STANDARD_LIBRARIES = YES;
				BUNDLE_LOADER = "$(TEST_HOST)";
				CODE_SIGN_STYLE = Automatic;
				DEVELOPMENT_TEAM = LYW4U2TVKK;
				INFOPLIST_FILE = LLBlueToothDemoTests/Info.plist;
				LD_RUNPATH_SEARCH_PATHS = (
					"$(inherited)",
					"@executable_path/Frameworks",
					"@loader_path/Frameworks",
				);
				PRODUCT_BUNDLE_IDENTIFIER = com.menglongsong.LLBlueToothDemoTests;
				PRODUCT_NAME = "$(TARGET_NAME)";
				SWIFT_VERSION = 4.2;
				TARGETED_DEVICE_FAMILY = "1,2";
				TEST_HOST = "$(BUILT_PRODUCTS_DIR)/LLBlueToothDemo.app/LLBlueToothDemo";
			};
			name = Release;
		};
		A24317A221C7C07B00726B34 /* Debug */ = {
			isa = XCBuildConfiguration;
			baseConfigurationReference = BBDD35E90CFAC62B8C8C65A0 /* Pods-LLBlueToothDemoUITests.debug.xcconfig */;
			buildSettings = {
				ALWAYS_EMBED_SWIFT_STANDARD_LIBRARIES = YES;
				CODE_SIGN_STYLE = Automatic;
				DEVELOPMENT_TEAM = LYW4U2TVKK;
				INFOPLIST_FILE = LLBlueToothDemoUITests/Info.plist;
				LD_RUNPATH_SEARCH_PATHS = (
					"$(inherited)",
					"@executable_path/Frameworks",
					"@loader_path/Frameworks",
				);
				PRODUCT_BUNDLE_IDENTIFIER = com.menglongsong.LLBlueToothDemoUITests;
				PRODUCT_NAME = "$(TARGET_NAME)";
				SWIFT_VERSION = 4.2;
				TARGETED_DEVICE_FAMILY = "1,2";
				TEST_TARGET_NAME = LLBlueToothDemo;
			};
			name = Debug;
		};
		A24317A321C7C07B00726B34 /* Release */ = {
			isa = XCBuildConfiguration;
			baseConfigurationReference = DB4E859651179B612EE31417 /* Pods-LLBlueToothDemoUITests.release.xcconfig */;
			buildSettings = {
				ALWAYS_EMBED_SWIFT_STANDARD_LIBRARIES = YES;
				CODE_SIGN_STYLE = Automatic;
				DEVELOPMENT_TEAM = LYW4U2TVKK;
				INFOPLIST_FILE = LLBlueToothDemoUITests/Info.plist;
				LD_RUNPATH_SEARCH_PATHS = (
					"$(inherited)",
					"@executable_path/Frameworks",
					"@loader_path/Frameworks",
				);
				PRODUCT_BUNDLE_IDENTIFIER = com.menglongsong.LLBlueToothDemoUITests;
				PRODUCT_NAME = "$(TARGET_NAME)";
				SWIFT_VERSION = 4.2;
				TARGETED_DEVICE_FAMILY = "1,2";
				TEST_TARGET_NAME = LLBlueToothDemo;
			};
			name = Release;
		};
		A24317C021C7C17A00726B34 /* Debug */ = {
			isa = XCBuildConfiguration;
			buildSettings = {
				CLANG_ENABLE_MODULES = YES;
				CODE_SIGN_IDENTITY = "";
				CODE_SIGN_STYLE = Automatic;
				CURRENT_PROJECT_VERSION = 1;
				DEFINES_MODULE = YES;
				DEVELOPMENT_TEAM = LYW4U2TVKK;
				DYLIB_COMPATIBILITY_VERSION = 1;
				DYLIB_CURRENT_VERSION = 1;
				DYLIB_INSTALL_NAME_BASE = "@rpath";
				INFOPLIST_FILE = LLBlueTooth/Info.plist;
				INSTALL_PATH = "$(LOCAL_LIBRARY_DIR)/Frameworks";
				LD_RUNPATH_SEARCH_PATHS = (
					"$(inherited)",
					"@executable_path/Frameworks",
					"@loader_path/Frameworks",
				);
				PRODUCT_BUNDLE_IDENTIFIER = com.menglongsong.LLBlueTooth;
				PRODUCT_NAME = "$(TARGET_NAME:c99extidentifier)";
				SKIP_INSTALL = YES;
				SWIFT_OPTIMIZATION_LEVEL = "-Onone";
				SWIFT_VERSION = 4.2;
				TARGETED_DEVICE_FAMILY = "1,2";
				VERSIONING_SYSTEM = "apple-generic";
				VERSION_INFO_PREFIX = "";
			};
			name = Debug;
		};
		A24317C121C7C17A00726B34 /* Release */ = {
			isa = XCBuildConfiguration;
			buildSettings = {
				CLANG_ENABLE_MODULES = YES;
				CODE_SIGN_IDENTITY = "";
				CODE_SIGN_STYLE = Automatic;
				CURRENT_PROJECT_VERSION = 1;
				DEFINES_MODULE = YES;
				DEVELOPMENT_TEAM = LYW4U2TVKK;
				DYLIB_COMPATIBILITY_VERSION = 1;
				DYLIB_CURRENT_VERSION = 1;
				DYLIB_INSTALL_NAME_BASE = "@rpath";
				INFOPLIST_FILE = LLBlueTooth/Info.plist;
				INSTALL_PATH = "$(LOCAL_LIBRARY_DIR)/Frameworks";
				LD_RUNPATH_SEARCH_PATHS = (
					"$(inherited)",
					"@executable_path/Frameworks",
					"@loader_path/Frameworks",
				);
				PRODUCT_BUNDLE_IDENTIFIER = com.menglongsong.LLBlueTooth;
				PRODUCT_NAME = "$(TARGET_NAME:c99extidentifier)";
				SKIP_INSTALL = YES;
				SWIFT_VERSION = 4.2;
				TARGETED_DEVICE_FAMILY = "1,2";
				VERSIONING_SYSTEM = "apple-generic";
				VERSION_INFO_PREFIX = "";
			};
			name = Release;
		};
		A24317C221C7C17A00726B34 /* Debug */ = {
			isa = XCBuildConfiguration;
			buildSettings = {
				ALWAYS_EMBED_SWIFT_STANDARD_LIBRARIES = YES;
				CODE_SIGN_STYLE = Automatic;
				DEVELOPMENT_TEAM = LYW4U2TVKK;
				INFOPLIST_FILE = LLBlueToothTests/Info.plist;
				LD_RUNPATH_SEARCH_PATHS = (
					"$(inherited)",
					"@executable_path/Frameworks",
					"@loader_path/Frameworks",
				);
				PRODUCT_BUNDLE_IDENTIFIER = com.menglongsong.LLBlueToothTests;
				PRODUCT_NAME = "$(TARGET_NAME)";
				SWIFT_VERSION = 4.2;
				TARGETED_DEVICE_FAMILY = "1,2";
				TEST_HOST = "$(BUILT_PRODUCTS_DIR)/LLBlueToothDemo.app/LLBlueToothDemo";
			};
			name = Debug;
		};
		A24317C321C7C17A00726B34 /* Release */ = {
			isa = XCBuildConfiguration;
			buildSettings = {
				ALWAYS_EMBED_SWIFT_STANDARD_LIBRARIES = YES;
				CODE_SIGN_STYLE = Automatic;
				DEVELOPMENT_TEAM = LYW4U2TVKK;
				INFOPLIST_FILE = LLBlueToothTests/Info.plist;
				LD_RUNPATH_SEARCH_PATHS = (
					"$(inherited)",
					"@executable_path/Frameworks",
					"@loader_path/Frameworks",
				);
				PRODUCT_BUNDLE_IDENTIFIER = com.menglongsong.LLBlueToothTests;
				PRODUCT_NAME = "$(TARGET_NAME)";
				SWIFT_VERSION = 4.2;
				TARGETED_DEVICE_FAMILY = "1,2";
				TEST_HOST = "$(BUILT_PRODUCTS_DIR)/LLBlueToothDemo.app/LLBlueToothDemo";
			};
			name = Release;
		};
/* End XCBuildConfiguration section */

/* Begin XCConfigurationList section */
		A243176E21C7C07700726B34 /* Build configuration list for PBXProject "LLBlueToothDemo" */ = {
			isa = XCConfigurationList;
			buildConfigurations = (
				A243179921C7C07B00726B34 /* Debug */,
				A243179A21C7C07B00726B34 /* Release */,
			);
			defaultConfigurationIsVisible = 0;
			defaultConfigurationName = Release;
		};
		A243179B21C7C07B00726B34 /* Build configuration list for PBXNativeTarget "LLBlueToothDemo" */ = {
			isa = XCConfigurationList;
			buildConfigurations = (
				A243179C21C7C07B00726B34 /* Debug */,
				A243179D21C7C07B00726B34 /* Release */,
			);
			defaultConfigurationIsVisible = 0;
			defaultConfigurationName = Release;
		};
		A243179E21C7C07B00726B34 /* Build configuration list for PBXNativeTarget "LLBlueToothDemoTests" */ = {
			isa = XCConfigurationList;
			buildConfigurations = (
				A243179F21C7C07B00726B34 /* Debug */,
				A24317A021C7C07B00726B34 /* Release */,
			);
			defaultConfigurationIsVisible = 0;
			defaultConfigurationName = Release;
		};
		A24317A121C7C07B00726B34 /* Build configuration list for PBXNativeTarget "LLBlueToothDemoUITests" */ = {
			isa = XCConfigurationList;
			buildConfigurations = (
				A24317A221C7C07B00726B34 /* Debug */,
				A24317A321C7C07B00726B34 /* Release */,
			);
			defaultConfigurationIsVisible = 0;
			defaultConfigurationName = Release;
		};
		A24317C421C7C17A00726B34 /* Build configuration list for PBXNativeTarget "LLBlueTooth" */ = {
			isa = XCConfigurationList;
			buildConfigurations = (
				A24317C021C7C17A00726B34 /* Debug */,
				A24317C121C7C17A00726B34 /* Release */,
			);
			defaultConfigurationIsVisible = 0;
			defaultConfigurationName = Release;
		};
		A24317C621C7C17A00726B34 /* Build configuration list for PBXNativeTarget "LLBlueToothTests" */ = {
			isa = XCConfigurationList;
			buildConfigurations = (
				A24317C221C7C17A00726B34 /* Debug */,
				A24317C321C7C17A00726B34 /* Release */,
			);
			defaultConfigurationIsVisible = 0;
			defaultConfigurationName = Release;
		};
/* End XCConfigurationList section */
	};
	rootObject = A243176B21C7C07700726B34 /* Project object */;
}
